Microsoft Visual Studio Solution File, Format Version 11.00
# Visual Studio 2008

Project("{35C9BF44-72D1-600A-D248-DAEE6980E88E}") = "Tabekana", "Assembly-CSharp-firstpass.csproj", "{1066BFD0-A9D5-7270-996E-432FF76AED71}"
EndProject
Project("{35C9BF44-72D1-600A-D248-DAEE6980E88E}") = "Tabekana", "Assembly-CSharp.csproj", "{20E2F1A8-3344-657C-A434-6F71FE8DF0EB}"
EndProject
Project("{35C9BF44-72D1-600A-D248-DAEE6980E88E}") = "Tabekana", "Assembly-CSharp-Editor-firstpass.csproj", "{CA4A0B5B-3D4F-7524-3B09-76B9100ABBE2}"
EndProject
Project("{35C9BF44-72D1-600A-D248-DAEE6980E88E}") = "Tabekana", "Assembly-CSharp-Editor.csproj", "{1F13E773-0CFC-836E-4589-C648D03A2029}"
EndProject
Global
	GlobalSection(SolutionConfigurationPlatforms) = preSolution
		Debug|Any CPU = Debug|Any CPU
		Release|Any CPU = Release|Any CPU
	EndGlobalSection
	GlobalSection(ProjectConfigurationPlatforms) = postSolution
		{1066BFD0-A9D5-7270-996E-432FF76AED71}.Debug|Any CPU.ActiveCfg = Debug|Any CPU
		{1066BFD0-A9D5-7270-996E-432FF76AED71}.Debug|Any CPU.Build.0 = Debug|Any CPU
		{1066BFD0-A9D5-7270-996E-432FF76AED71}.Release|Any CPU.ActiveCfg = Release|Any CPU
		{1066BFD0-A9D5-7270-996E-432FF76AED71}.Release|Any CPU.Build.0 = Release|Any CPU
		{20E2F1A8-3344-657C-A434-6F71FE8DF0EB}.Debug|Any CPU.ActiveCfg = Debug|Any CPU
		{20E2F1A8-3344-657C-A434-6F71FE8DF0EB}.Debug|Any CPU.Build.0 = Debug|Any CPU
		{20E2F1A8-3344-657C-A434-6F71FE8DF0EB}.Release|Any CPU.ActiveCfg = Release|Any CPU
		{20E2F1A8-3344-657C-A434-6F71FE8DF0EB}.Release|Any CPU.Build.0 = Release|Any CPU
		{CA4A0B5B-3D4F-7524-3B09-76B9100ABBE2}.Debug|Any CPU.ActiveCfg = Debug|Any CPU
		{CA4A0B5B-3D4F-7524-3B09-76B9100ABBE2}.Debug|Any CPU.Build.0 = Debug|Any CPU
		{CA4A0B5B-3D4F-7524-3B09-76B9100ABBE2}.Release|Any CPU.ActiveCfg = Release|Any CPU
		{CA4A0B5B-3D4F-7524-3B09-76B9100ABBE2}.Release|Any CPU.Build.0 = Release|Any CPU
		{1F13E773-0CFC-836E-4589-C648D03A2029}.Debug|Any CPU.ActiveCfg = Debug|Any CPU
		{1F13E773-0CFC-836E-4589-C648D03A2029}.Debug|Any CPU.Build.0 = Debug|Any CPU
		{1F13E773-0CFC-836E-4589-C648D03A2029}.Release|Any CPU.ActiveCfg = Release|Any CPU
		{1F13E773-0CFC-836E-4589-C648D03A2029}.Release|Any CPU.Build.0 = Release|Any CPU
	EndGlobalSection
	GlobalSection(SolutionProperties) = preSolution
		HideSolutionNode = FALSE
	EndGlobalSection
	GlobalSection(MonoDevelopProperties) = preSolution
		StartupItem = Assembly-CSharp.csproj
	EndGlobalSection
EndGlobal
